
Microsoft Visual Studio Solution File, Format Version 12.00
# Visual Studio Version 16
VisualStudioVersion = 16.0.30621.155
MinimumVisualStudioVersion = 10.0.40219.1
Project("{FAE04EC0-301F-11D3-BF4B-00C04F79EFBC}") = "PetShop", "PetShop\PetShop.csproj", "{FE84A5C6-A79B-463E-82A9-16538BCA1A67}"
EndProject
Project("{FAE04EC0-301F-11D3-BF4B-00C04F79EFBC}") = "PetShopSpec", "PetShopSpec\PetShopSpec.csproj", "{8A14CAAC-9B07-4E0E-95FE-E16EF0987908}"
EndProject
Global
	GlobalSection(SolutionConfigurationPlatforms) = preSolution
		Debug|Any CPU = Debug|Any CPU
		Debug|x64 = Debug|x64
		Release|Any CPU = Release|Any CPU
		Release|x64 = Release|x64
	EndGlobalSection
	GlobalSection(ProjectConfigurationPlatforms) = postSolution
		{FE84A5C6-A79B-463E-82A9-16538BCA1A67}.Debug|Any CPU.ActiveCfg = Debug|Any CPU
		{FE84A5C6-A79B-463E-82A9-16538BCA1A67}.Debug|Any CPU.Build.0 = Debug|Any CPU
		{FE84A5C6-A79B-463E-82A9-16538BCA1A67}.Debug|x64.ActiveCfg = Debug|Any CPU
		{FE84A5C6-A79B-463E-82A9-16538BCA1A67}.Debug|x64.Build.0 = Debug|Any CPU
		{FE84A5C6-A79B-463E-82A9-16538BCA1A67}.Release|Any CPU.ActiveCfg = Release|Any CPU
		{FE84A5C6-A79B-463E-82A9-16538BCA1A67}.Release|Any CPU.Build.0 = Release|Any CPU
		{FE84A5C6-A79B-463E-82A9-16538BCA1A67}.Release|x64.ActiveCfg = Release|Any CPU
		{FE84A5C6-A79B-463E-82A9-16538BCA1A67}.Release|x64.Build.0 = Release|Any CPU
		{8A14CAAC-9B07-4E0E-95FE-E16EF0987908}.Debug|Any CPU.ActiveCfg = Debug|Any CPU
		{8A14CAAC-9B07-4E0E-95FE-E16EF0987908}.Debug|Any CPU.Build.0 = Debug|Any CPU
		{8A14CAAC-9B07-4E0E-95FE-E16EF0987908}.Debug|x64.ActiveCfg = Debug|x64
		{8A14CAAC-9B07-4E0E-95FE-E16EF0987908}.Debug|x64.Build.0 = Debug|x64
		{8A14CAAC-9B07-4E0E-95FE-E16EF0987908}.Release|Any CPU.ActiveCfg = Release|Any CPU
		{8A14CAAC-9B07-4E0E-95FE-E16EF0987908}.Release|Any CPU.Build.0 = Release|Any CPU
		{8A14CAAC-9B07-4E0E-95FE-E16EF0987908}.Release|x64.ActiveCfg = Release|x64
		{8A14CAAC-9B07-4E0E-95FE-E16EF0987908}.Release|x64.Build.0 = Release|x64
	EndGlobalSection
	GlobalSection(SolutionProperties) = preSolution
		HideSolutionNode = FALSE
	EndGlobalSection
	GlobalSection(ExtensibilityGlobals) = postSolution
		SolutionGuid = {8DC07CE1-20D7-4EBC-89A5-99124A706526}
	EndGlobalSection
EndGlobal
